
Microsoft Visual Studio Solution File, Format Version 12.00
Project("{FAE04EC0-301F-11D3-BF4B-00C04F79EFBC}") = "TeilenDurchQuer", "TeilenDurchQuer\TeilenDurchQuer.csproj", "{EC8E77FF-41A9-4C64-AC3E-4BE5CAA3CA4F}"
EndProject
Global
	GlobalSection(SolutionConfigurationPlatforms) = preSolution
		Debug|Any CPU = Debug|Any CPU
		Release|Any CPU = Release|Any CPU
	EndGlobalSection
	GlobalSection(ProjectConfigurationPlatforms) = postSolution
		{EC8E77FF-41A9-4C64-AC3E-4BE5CAA3CA4F}.Debug|Any CPU.ActiveCfg = Debug|Any CPU
		{EC8E77FF-41A9-4C64-AC3E-4BE5CAA3CA4F}.Debug|Any CPU.Build.0 = Debug|Any CPU
		{EC8E77FF-41A9-4C64-AC3E-4BE5CAA3CA4F}.Release|Any CPU.ActiveCfg = Release|Any CPU
		{EC8E77FF-41A9-4C64-AC3E-4BE5CAA3CA4F}.Release|Any CPU.Build.0 = Release|Any CPU
	EndGlobalSection
EndGlobal
