
Microsoft Visual Studio Solution File, Format Version 12.00
Project("{FAE04EC0-301F-11D3-BF4B-00C04F79EFBC}") = "Kleines1x1", "Kleines1x1\Kleines1x1.csproj", "{61465CAF-8BF7-4448-86AE-94AEFA87AA77}"
EndProject
Global
	GlobalSection(SolutionConfigurationPlatforms) = preSolution
		Debug|Any CPU = Debug|Any CPU
		Release|Any CPU = Release|Any CPU
	EndGlobalSection
	GlobalSection(ProjectConfigurationPlatforms) = postSolution
		{61465CAF-8BF7-4448-86AE-94AEFA87AA77}.Debug|Any CPU.ActiveCfg = Debug|Any CPU
		{61465CAF-8BF7-4448-86AE-94AEFA87AA77}.Debug|Any CPU.Build.0 = Debug|Any CPU
		{61465CAF-8BF7-4448-86AE-94AEFA87AA77}.Release|Any CPU.ActiveCfg = Release|Any CPU
		{61465CAF-8BF7-4448-86AE-94AEFA87AA77}.Release|Any CPU.Build.0 = Release|Any CPU
	EndGlobalSection
EndGlobal
