
Microsoft Visual Studio Solution File, Format Version 12.00
Project("{FAE04EC0-301F-11D3-BF4B-00C04F79EFBC}") = "Monatsnamen", "Monatsnamen\Monatsnamen.csproj", "{0323319C-E49B-4EA1-A0A9-39753EE8AEC2}"
EndProject
Global
	GlobalSection(SolutionConfigurationPlatforms) = preSolution
		Debug|Any CPU = Debug|Any CPU
		Release|Any CPU = Release|Any CPU
	EndGlobalSection
	GlobalSection(ProjectConfigurationPlatforms) = postSolution
		{0323319C-E49B-4EA1-A0A9-39753EE8AEC2}.Debug|Any CPU.ActiveCfg = Debug|Any CPU
		{0323319C-E49B-4EA1-A0A9-39753EE8AEC2}.Debug|Any CPU.Build.0 = Debug|Any CPU
		{0323319C-E49B-4EA1-A0A9-39753EE8AEC2}.Release|Any CPU.ActiveCfg = Release|Any CPU
		{0323319C-E49B-4EA1-A0A9-39753EE8AEC2}.Release|Any CPU.Build.0 = Release|Any CPU
	EndGlobalSection
EndGlobal
