
Microsoft Visual Studio Solution File, Format Version 12.00
Project("{FAE04EC0-301F-11D3-BF4B-00C04F79EFBC}") = "WitzeAPI", "WitzeAPI\WitzeAPI.csproj", "{8752669D-48AD-477E-A9CA-0F5245369E22}"
EndProject
Global
	GlobalSection(SolutionConfigurationPlatforms) = preSolution
		Debug|Any CPU = Debug|Any CPU
		Release|Any CPU = Release|Any CPU
	EndGlobalSection
	GlobalSection(ProjectConfigurationPlatforms) = postSolution
		{8752669D-48AD-477E-A9CA-0F5245369E22}.Debug|Any CPU.ActiveCfg = Debug|Any CPU
		{8752669D-48AD-477E-A9CA-0F5245369E22}.Debug|Any CPU.Build.0 = Debug|Any CPU
		{8752669D-48AD-477E-A9CA-0F5245369E22}.Release|Any CPU.ActiveCfg = Release|Any CPU
		{8752669D-48AD-477E-A9CA-0F5245369E22}.Release|Any CPU.Build.0 = Release|Any CPU
	EndGlobalSection
EndGlobal
